// !$*UTF8*$!
{
	archiveVersion = 1;
	classes = {
	};
	objectVersion = 46;
	objects = {

/* Begin PBXBuildFile section */
		1F0E65CA1CEF8BBF007AF08F /* TBOModalNavigationController.m in Sources */ = {isa = PBXBuildFile; fileRef = 1F0E65C91CEF8BBF007AF08F /* TBOModalNavigationController.m */; };
		1F5D922C1CE0915B0017508E /* TBODeveloperOverlayLogger.m in Sources */ = {isa = PBXBuildFile; fileRef = 1F5D922B1CE0915B0017508E /* TBODeveloperOverlayLogger.m */; };
		1F5D92301CE0942F0017508E /* TBODeveloperOverlayLogger.xib in Resources */ = {isa = PBXBuildFile; fileRef = 1F5D922F1CE0942F0017508E /* TBODeveloperOverlayLogger.xib */; };
		1F5D92351CE096EA0017508E /* TBODeveloperOverlayFileInspectorViewController.m in Sources */ = {isa = PBXBuildFile; fileRef = 1F5D92331CE096EA0017508E /* TBODeveloperOverlayFileInspectorViewController.m */; };
		1F708E0A869F1D0A2C7C05B0 /* libPods-TBODeveloperOverlay.a in Frameworks */ = {isa = PBXBuildFile; fileRef = EB1232FB3035CFBB628DD3A1 /* libPods-TBODeveloperOverlay.a */; };
		7517A8421CEF1F5F00700CBF /* TBODeveloperOverlayKVDebuggerDetailViewController.m in Sources */ = {isa = PBXBuildFile; fileRef = 7517A8401CEF1F5F00700CBF /* TBODeveloperOverlayKVDebuggerDetailViewController.m */; };
		7517A8431CEF1F5F00700CBF /* TBODeveloperOverlayKVDebuggerDetailViewController.xib in Resources */ = {isa = PBXBuildFile; fileRef = 7517A8411CEF1F5F00700CBF /* TBODeveloperOverlayKVDebuggerDetailViewController.xib */; };
		7554B66B1CFC7B4500FD6CD3 /* TBODeveloperOverlayPluginListViewController.m in Sources */ = {isa = PBXBuildFile; fileRef = 7554B66A1CFC7B4500FD6CD3 /* TBODeveloperOverlayPluginListViewController.m */; };
		75629A3C1CD351AC00E72F7B /* TBODeveloperOverlayTests.m in Sources */ = {isa = PBXBuildFile; fileRef = 75629A3B1CD351AC00E72F7B /* TBODeveloperOverlayTests.m */; };
		75629A471CD351AC00E72F7B /* TBODeveloperOverlayUITests.m in Sources */ = {isa = PBXBuildFile; fileRef = 75629A461CD351AC00E72F7B /* TBODeveloperOverlayUITests.m */; };
		7593D8E01CD399D400EFFA49 /* AppDelegate.m in Sources */ = {isa = PBXBuildFile; fileRef = 7593D8D41CD399D400EFFA49 /* AppDelegate.m */; };
		7593D8E11CD399D400EFFA49 /* Assets.xcassets in Resources */ = {isa = PBXBuildFile; fileRef = 7593D8D51CD399D400EFFA49 /* Assets.xcassets */; };
		7593D8E21CD399D400EFFA49 /* LaunchScreen.storyboard in Resources */ = {isa = PBXBuildFile; fileRef = 7593D8D61CD399D400EFFA49 /* LaunchScreen.storyboard */; };
		7593D8E31CD399D400EFFA49 /* Main.storyboard in Resources */ = {isa = PBXBuildFile; fileRef = 7593D8D81CD399D400EFFA49 /* Main.storyboard */; };
		7593D8E41CD399D400EFFA49 /* Info.plist in Resources */ = {isa = PBXBuildFile; fileRef = 7593D8DA1CD399D400EFFA49 /* Info.plist */; };
		7593D8E51CD399D400EFFA49 /* main.m in Sources */ = {isa = PBXBuildFile; fileRef = 7593D8DB1CD399D400EFFA49 /* main.m */; };
		7593D8E61CD399D400EFFA49 /* TBODebugDatasource.m in Sources */ = {isa = PBXBuildFile; fileRef = 7593D8DD1CD399D400EFFA49 /* TBODebugDatasource.m */; };
		7593D8E71CD399D400EFFA49 /* ViewController.m in Sources */ = {isa = PBXBuildFile; fileRef = 7593D8DF1CD399D400EFFA49 /* ViewController.m */; };
		7593D8F01CD399DD00EFFA49 /* TBODeveloperOverlayKVDebugger.m in Sources */ = {isa = PBXBuildFile; fileRef = 7593D8EC1CD399DD00EFFA49 /* TBODeveloperOverlayKVDebugger.m */; };
		7593D8F11CD399DD00EFFA49 /* TBODeveloperOverlayKVDebuggerReadOnlyKVCell.m in Sources */ = {isa = PBXBuildFile; fileRef = 7593D8EE1CD399DD00EFFA49 /* TBODeveloperOverlayKVDebuggerReadOnlyKVCell.m */; };
		7593D8F21CD399DD00EFFA49 /* TBODeveloperOverlayKVDebuggerReadOnlyKVCell.xib in Resources */ = {isa = PBXBuildFile; fileRef = 7593D8EF1CD399DD00EFFA49 /* TBODeveloperOverlayKVDebuggerReadOnlyKVCell.xib */; };
		D9436E507AD9ACA639A77CF8 /* TBODeveloperOverlayNSUserDefaultsDatasource.m in Sources */ = {isa = PBXBuildFile; fileRef = D943619F6C316203554F70E6 /* TBODeveloperOverlayNSUserDefaultsDatasource.m */; };
/* End PBXBuildFile section */

/* Begin PBXContainerItemProxy section */
		75629A381CD351AC00E72F7B /* PBXContainerItemProxy */ = {
			isa = PBXContainerItemProxy;
			containerPortal = 75629A161CD351AB00E72F7B /* Project object */;
			proxyType = 1;
			remoteGlobalIDString = 75629A1D1CD351AB00E72F7B;
			remoteInfo = TBODeveloperOverlay;
		};
		75629A431CD351AC00E72F7B /* PBXContainerItemProxy */ = {
			isa = PBXContainerItemProxy;
			containerPortal = 75629A161CD351AB00E72F7B /* Project object */;
			proxyType = 1;
			remoteGlobalIDString = 75629A1D1CD351AB00E72F7B;
			remoteInfo = TBODeveloperOverlay;
		};
/* End PBXContainerItemProxy section */

/* Begin PBXFileReference section */
		1B502B768D5284FDD769CD89 /* Pods-TBODeveloperOverlay.release.xcconfig */ = {isa = PBXFileReference; includeInIndex = 1; lastKnownFileType = text.xcconfig; name = "Pods-TBODeveloperOverlay.release.xcconfig"; path = "Pods/Target Support Files/Pods-TBODeveloperOverlay/Pods-TBODeveloperOverlay.release.xcconfig"; sourceTree = "<group>"; };
		1F0E65C81CEF8BBF007AF08F /* TBOModalNavigationController.h */ = {isa = PBXFileReference; fileEncoding = 4; lastKnownFileType = sourcecode.c.h; name = TBOModalNavigationController.h; path = TBODeveloperOverlay/TBODeveloperOverlay/TBOModalNavigationController.h; sourceTree = SOURCE_ROOT; };
		1F0E65C91CEF8BBF007AF08F /* TBOModalNavigationController.m */ = {isa = PBXFileReference; fileEncoding = 4; lastKnownFileType = sourcecode.c.objc; name = TBOModalNavigationController.m; path = TBODeveloperOverlay/TBODeveloperOverlay/TBOModalNavigationController.m; sourceTree = SOURCE_ROOT; };
		1F5D922A1CE0915B0017508E /* TBODeveloperOverlayLogger.h */ = {isa = PBXFileReference; fileEncoding = 4; lastKnownFileType = sourcecode.c.h; name = TBODeveloperOverlayLogger.h; path = TBODeveloperOverlayLogger/TBODeveloperOverlayLogger.h; sourceTree = "<group>"; };
		1F5D922B1CE0915B0017508E /* TBODeveloperOverlayLogger.m */ = {isa = PBXFileReference; fileEncoding = 4; lastKnownFileType = sourcecode.c.objc; name = TBODeveloperOverlayLogger.m; path = TBODeveloperOverlayLogger/TBODeveloperOverlayLogger.m; sourceTree = "<group>"; };
		1F5D922F1CE0942F0017508E /* TBODeveloperOverlayLogger.xib */ = {isa = PBXFileReference; fileEncoding = 4; lastKnownFileType = file.xib; name = TBODeveloperOverlayLogger.xib; path = TBODeveloperOverlayLogger/TBODeveloperOverlayLogger.xib; sourceTree = "<group>"; };
		1F5D92321CE096EA0017508E /* TBODeveloperOverlayFileInspectorViewController.h */ = {isa = PBXFileReference; fileEncoding = 4; lastKnownFileType = sourcecode.c.h; name = TBODeveloperOverlayFileInspectorViewController.h; path = TBODeveloperOverlayFileInspector/TBODeveloperOverlayFileInspectorViewController.h; sourceTree = "<group>"; };
		1F5D92331CE096EA0017508E /* TBODeveloperOverlayFileInspectorViewController.m */ = {isa = PBXFileReference; fileEncoding = 4; lastKnownFileType = sourcecode.c.objc; name = TBODeveloperOverlayFileInspectorViewController.m; path = TBODeveloperOverlayFileInspector/TBODeveloperOverlayFileInspectorViewController.m; sourceTree = "<group>"; };
		49339F4923F7F6BCE5A09135 /* Pods-TBODeveloperOverlay.debug.xcconfig */ = {isa = PBXFileReference; includeInIndex = 1; lastKnownFileType = text.xcconfig; name = "Pods-TBODeveloperOverlay.debug.xcconfig"; path = "Pods/Target Support Files/Pods-TBODeveloperOverlay/Pods-TBODeveloperOverlay.debug.xcconfig"; sourceTree = "<group>"; };
		750C58A51CD39B6F00D60E6B /* TBODeveloperOverlayKVDebuggerDatasource.h */ = {isa = PBXFileReference; lastKnownFileType = sourcecode.c.h; path = TBODeveloperOverlayKVDebuggerDatasource.h; sourceTree = "<group>"; };
		7517A83F1CEF1F5F00700CBF /* TBODeveloperOverlayKVDebuggerDetailViewController.h */ = {isa = PBXFileReference; fileEncoding = 4; lastKnownFileType = sourcecode.c.h; path = TBODeveloperOverlayKVDebuggerDetailViewController.h; sourceTree = "<group>"; };
		7517A8401CEF1F5F00700CBF /* TBODeveloperOverlayKVDebuggerDetailViewController.m */ = {isa = PBXFileReference; fileEncoding = 4; lastKnownFileType = sourcecode.c.objc; path = TBODeveloperOverlayKVDebuggerDetailViewController.m; sourceTree = "<group>"; };
		7517A8411CEF1F5F00700CBF /* TBODeveloperOverlayKVDebuggerDetailViewController.xib */ = {isa = PBXFileReference; fileEncoding = 4; lastKnownFileType = file.xib; path = TBODeveloperOverlayKVDebuggerDetailViewController.xib; sourceTree = "<group>"; };
		7554B6691CFC7B4500FD6CD3 /* TBODeveloperOverlayPluginListViewController.h */ = {isa = PBXFileReference; fileEncoding = 4; lastKnownFileType = sourcecode.c.h; name = TBODeveloperOverlayPluginListViewController.h; path = TBODeveloperOverlay/TBODeveloperOverlay/TBODeveloperOverlayPluginListViewController.h; sourceTree = SOURCE_ROOT; };
		7554B66A1CFC7B4500FD6CD3 /* TBODeveloperOverlayPluginListViewController.m */ = {isa = PBXFileReference; fileEncoding = 4; lastKnownFileType = sourcecode.c.objc; name = TBODeveloperOverlayPluginListViewController.m; path = TBODeveloperOverlay/TBODeveloperOverlay/TBODeveloperOverlayPluginListViewController.m; sourceTree = SOURCE_ROOT; };
		75629A1E1CD351AB00E72F7B /* TBODeveloperOverlay.app */ = {isa = PBXFileReference; explicitFileType = wrapper.application; includeInIndex = 0; path = TBODeveloperOverlay.app; sourceTree = BUILT_PRODUCTS_DIR; };
		75629A371CD351AC00E72F7B /* TBODeveloperOverlayTests.xctest */ = {isa = PBXFileReference; explicitFileType = wrapper.cfbundle; includeInIndex = 0; path = TBODeveloperOverlayTests.xctest; sourceTree = BUILT_PRODUCTS_DIR; };
		75629A3B1CD351AC00E72F7B /* TBODeveloperOverlayTests.m */ = {isa = PBXFileReference; lastKnownFileType = sourcecode.c.objc; path = TBODeveloperOverlayTests.m; sourceTree = "<group>"; };
		75629A3D1CD351AC00E72F7B /* Info.plist */ = {isa = PBXFileReference; lastKnownFileType = text.plist.xml; path = Info.plist; sourceTree = "<group>"; };
		75629A421CD351AC00E72F7B /* TBODeveloperOverlayUITests.xctest */ = {isa = PBXFileReference; explicitFileType = wrapper.cfbundle; includeInIndex = 0; path = TBODeveloperOverlayUITests.xctest; sourceTree = BUILT_PRODUCTS_DIR; };
		75629A461CD351AC00E72F7B /* TBODeveloperOverlayUITests.m */ = {isa = PBXFileReference; lastKnownFileType = sourcecode.c.objc; path = TBODeveloperOverlayUITests.m; sourceTree = "<group>"; };
		75629A481CD351AC00E72F7B /* Info.plist */ = {isa = PBXFileReference; lastKnownFileType = text.plist.xml; path = Info.plist; sourceTree = "<group>"; };
		7593D8D31CD399D400EFFA49 /* AppDelegate.h */ = {isa = PBXFileReference; fileEncoding = 4; lastKnownFileType = sourcecode.c.h; path = AppDelegate.h; sourceTree = "<group>"; };
		7593D8D41CD399D400EFFA49 /* AppDelegate.m */ = {isa = PBXFileReference; fileEncoding = 4; lastKnownFileType = sourcecode.c.objc; path = AppDelegate.m; sourceTree = "<group>"; };
		7593D8D51CD399D400EFFA49 /* Assets.xcassets */ = {isa = PBXFileReference; lastKnownFileType = folder.assetcatalog; path = Assets.xcassets; sourceTree = "<group>"; };
		7593D8D71CD399D400EFFA49 /* Base */ = {isa = PBXFileReference; lastKnownFileType = file.storyboard; name = Base; path = Base.lproj/LaunchScreen.storyboard; sourceTree = "<group>"; };
		7593D8D91CD399D400EFFA49 /* Base */ = {isa = PBXFileReference; lastKnownFileType = file.storyboard; name = Base; path = Base.lproj/Main.storyboard; sourceTree = "<group>"; };
		7593D8DA1CD399D400EFFA49 /* Info.plist */ = {isa = PBXFileReference; fileEncoding = 4; lastKnownFileType = text.plist.xml; path = Info.plist; sourceTree = "<group>"; };
		7593D8DB1CD399D400EFFA49 /* main.m */ = {isa = PBXFileReference; fileEncoding = 4; lastKnownFileType = sourcecode.c.objc; path = main.m; sourceTree = "<group>"; };
		7593D8DC1CD399D400EFFA49 /* TBODebugDatasource.h */ = {isa = PBXFileReference; fileEncoding = 4; lastKnownFileType = sourcecode.c.h; path = TBODebugDatasource.h; sourceTree = "<group>"; };
		7593D8DD1CD399D400EFFA49 /* TBODebugDatasource.m */ = {isa = PBXFileReference; fileEncoding = 4; lastKnownFileType = sourcecode.c.objc; path = TBODebugDatasource.m; sourceTree = "<group>"; };
		7593D8DE1CD399D400EFFA49 /* ViewController.h */ = {isa = PBXFileReference; fileEncoding = 4; lastKnownFileType = sourcecode.c.h; path = ViewController.h; sourceTree = "<group>"; };
		7593D8DF1CD399D400EFFA49 /* ViewController.m */ = {isa = PBXFileReference; fileEncoding = 4; lastKnownFileType = sourcecode.c.objc; path = ViewController.m; sourceTree = "<group>"; };
		7593D8EB1CD399DD00EFFA49 /* TBODeveloperOverlayKVDebugger.h */ = {isa = PBXFileReference; fileEncoding = 4; lastKnownFileType = sourcecode.c.h; path = TBODeveloperOverlayKVDebugger.h; sourceTree = "<group>"; };
		7593D8EC1CD399DD00EFFA49 /* TBODeveloperOverlayKVDebugger.m */ = {isa = PBXFileReference; fileEncoding = 4; lastKnownFileType = sourcecode.c.objc; path = TBODeveloperOverlayKVDebugger.m; sourceTree = "<group>"; };
		7593D8ED1CD399DD00EFFA49 /* TBODeveloperOverlayKVDebuggerReadOnlyKVCell.h */ = {isa = PBXFileReference; fileEncoding = 4; lastKnownFileType = sourcecode.c.h; path = TBODeveloperOverlayKVDebuggerReadOnlyKVCell.h; sourceTree = "<group>"; };
		7593D8EE1CD399DD00EFFA49 /* TBODeveloperOverlayKVDebuggerReadOnlyKVCell.m */ = {isa = PBXFileReference; fileEncoding = 4; lastKnownFileType = sourcecode.c.objc; path = TBODeveloperOverlayKVDebuggerReadOnlyKVCell.m; sourceTree = "<group>"; };
		7593D8EF1CD399DD00EFFA49 /* TBODeveloperOverlayKVDebuggerReadOnlyKVCell.xib */ = {isa = PBXFileReference; fileEncoding = 4; lastKnownFileType = file.xib; path = TBODeveloperOverlayKVDebuggerReadOnlyKVCell.xib; sourceTree = "<group>"; };
		D943619F6C316203554F70E6 /* TBODeveloperOverlayNSUserDefaultsDatasource.m */ = {isa = PBXFileReference; fileEncoding = 4; lastKnownFileType = sourcecode.c.objc; path = TBODeveloperOverlayNSUserDefaultsDatasource.m; sourceTree = "<group>"; };
		D9436A7221BE407F7D049092 /* TBODeveloperOverlayNSUserDefaultsDatasource.h */ = {isa = PBXFileReference; fileEncoding = 4; lastKnownFileType = sourcecode.c.h; path = TBODeveloperOverlayNSUserDefaultsDatasource.h; sourceTree = "<group>"; };
		EB1232FB3035CFBB628DD3A1 /* libPods-TBODeveloperOverlay.a */ = {isa = PBXFileReference; explicitFileType = archive.ar; includeInIndex = 0; path = "libPods-TBODeveloperOverlay.a"; sourceTree = BUILT_PRODUCTS_DIR; };
/* End PBXFileReference section */

/* Begin PBXFrameworksBuildPhase section */
		75629A1B1CD351AB00E72F7B /* Frameworks */ = {
			isa = PBXFrameworksBuildPhase;
			buildActionMask = 2147483647;
			files = (
				1F708E0A869F1D0A2C7C05B0 /* libPods-TBODeveloperOverlay.a in Frameworks */,
			);
			runOnlyForDeploymentPostprocessing = 0;
		};
		75629A341CD351AC00E72F7B /* Frameworks */ = {
			isa = PBXFrameworksBuildPhase;
			buildActionMask = 2147483647;
			files = (
			);
			runOnlyForDeploymentPostprocessing = 0;
		};
		75629A3F1CD351AC00E72F7B /* Frameworks */ = {
			isa = PBXFrameworksBuildPhase;
			buildActionMask = 2147483647;
			files = (
			);
			runOnlyForDeploymentPostprocessing = 0;
		};
/* End PBXFrameworksBuildPhase section */

/* Begin PBXGroup section */
		03F957F4CA3966F0AE21EEE4 /* Pods */ = {
			isa = PBXGroup;
			children = (
				49339F4923F7F6BCE5A09135 /* Pods-TBODeveloperOverlay.debug.xcconfig */,
				1B502B768D5284FDD769CD89 /* Pods-TBODeveloperOverlay.release.xcconfig */,
			);
			name = Pods;
			sourceTree = "<group>";
		};
		1C13406058FB8925AD3BB1AC /* Frameworks */ = {
			isa = PBXGroup;
			children = (
				EB1232FB3035CFBB628DD3A1 /* libPods-TBODeveloperOverlay.a */,
			);
			name = Frameworks;
			sourceTree = "<group>";
		};
		1F5D92291CE0913B0017508E /* TBODeveloperOverlayLogger */ = {
			isa = PBXGroup;
			children = (
				1F5D922A1CE0915B0017508E /* TBODeveloperOverlayLogger.h */,
				1F5D922B1CE0915B0017508E /* TBODeveloperOverlayLogger.m */,
				1F5D922F1CE0942F0017508E /* TBODeveloperOverlayLogger.xib */,
			);
			name = TBODeveloperOverlayLogger;
			sourceTree = "<group>";
		};
		1F5D92311CE096BC0017508E /* TBODeveloperOverlayFileInspector */ = {
			isa = PBXGroup;
			children = (
				1F5D92321CE096EA0017508E /* TBODeveloperOverlayFileInspectorViewController.h */,
				1F5D92331CE096EA0017508E /* TBODeveloperOverlayFileInspectorViewController.m */,
			);
			name = TBODeveloperOverlayFileInspector;
			sourceTree = "<group>";
		};
		75629A151CD351AB00E72F7B = {
			isa = PBXGroup;
			children = (
				7593D8E81CD399DD00EFFA49 /* Classes */,
				7593D8D21CD399D400EFFA49 /* Example */,
				75629A3A1CD351AC00E72F7B /* TBODeveloperOverlayTests */,
				75629A451CD351AC00E72F7B /* TBODeveloperOverlayUITests */,
				75629A1F1CD351AB00E72F7B /* Products */,
				03F957F4CA3966F0AE21EEE4 /* Pods */,
				1C13406058FB8925AD3BB1AC /* Frameworks */,
			);
			sourceTree = "<group>";
		};
		75629A1F1CD351AB00E72F7B /* Products */ = {
			isa = PBXGroup;
			children = (
				75629A1E1CD351AB00E72F7B /* TBODeveloperOverlay.app */,
				75629A371CD351AC00E72F7B /* TBODeveloperOverlayTests.xctest */,
				75629A421CD351AC00E72F7B /* TBODeveloperOverlayUITests.xctest */,
			);
			name = Products;
			sourceTree = "<group>";
		};
		75629A3A1CD351AC00E72F7B /* TBODeveloperOverlayTests */ = {
			isa = PBXGroup;
			children = (
				75629A3B1CD351AC00E72F7B /* TBODeveloperOverlayTests.m */,
				75629A3D1CD351AC00E72F7B /* Info.plist */,
			);
			path = TBODeveloperOverlayTests;
			sourceTree = "<group>";
		};
		75629A451CD351AC00E72F7B /* TBODeveloperOverlayUITests */ = {
			isa = PBXGroup;
			children = (
				75629A461CD351AC00E72F7B /* TBODeveloperOverlayUITests.m */,
				75629A481CD351AC00E72F7B /* Info.plist */,
			);
			path = TBODeveloperOverlayUITests;
			sourceTree = "<group>";
		};
		7593D8D21CD399D400EFFA49 /* Example */ = {
			isa = PBXGroup;
			children = (
				7593D8D31CD399D400EFFA49 /* AppDelegate.h */,
				7593D8D41CD399D400EFFA49 /* AppDelegate.m */,
				7593D8D51CD399D400EFFA49 /* Assets.xcassets */,
				7593D8D61CD399D400EFFA49 /* LaunchScreen.storyboard */,
				7593D8D81CD399D400EFFA49 /* Main.storyboard */,
				7593D8DA1CD399D400EFFA49 /* Info.plist */,
				7593D8DB1CD399D400EFFA49 /* main.m */,
				7593D8DC1CD399D400EFFA49 /* TBODebugDatasource.h */,
				7593D8DD1CD399D400EFFA49 /* TBODebugDatasource.m */,
				7593D8DE1CD399D400EFFA49 /* ViewController.h */,
				7593D8DF1CD399D400EFFA49 /* ViewController.m */,
			);
			path = Example;
			sourceTree = "<group>";
		};
		7593D8E81CD399DD00EFFA49 /* Classes */ = {
			isa = PBXGroup;
			children = (
				1F5D92311CE096BC0017508E /* TBODeveloperOverlayFileInspector */,
				1F5D92291CE0913B0017508E /* TBODeveloperOverlayLogger */,
				7593D8E91CD399DD00EFFA49 /* TBODeveloperOverlay */,
				7593D8EA1CD399DD00EFFA49 /* TBODeveloperOverlayKVDebugger */,
			);
			path = Classes;
			sourceTree = "<group>";
		};
		7593D8E91CD399DD00EFFA49 /* TBODeveloperOverlay */ = {
			isa = PBXGroup;
			children = (
				1F0E65C81CEF8BBF007AF08F /* TBOModalNavigationController.h */,
				1F0E65C91CEF8BBF007AF08F /* TBOModalNavigationController.m */,
				7554B6691CFC7B4500FD6CD3 /* TBODeveloperOverlayPluginListViewController.h */,
				7554B66A1CFC7B4500FD6CD3 /* TBODeveloperOverlayPluginListViewController.m */,
			);
			path = TBODeveloperOverlay;
			sourceTree = "<group>";
		};
		7593D8EA1CD399DD00EFFA49 /* TBODeveloperOverlayKVDebugger */ = {
			isa = PBXGroup;
			children = (
				750C58A51CD39B6F00D60E6B /* TBODeveloperOverlayKVDebuggerDatasource.h */,
				7593D8EB1CD399DD00EFFA49 /* TBODeveloperOverlayKVDebugger.h */,
				7593D8EC1CD399DD00EFFA49 /* TBODeveloperOverlayKVDebugger.m */,
				7593D8ED1CD399DD00EFFA49 /* TBODeveloperOverlayKVDebuggerReadOnlyKVCell.h */,
				7593D8EE1CD399DD00EFFA49 /* TBODeveloperOverlayKVDebuggerReadOnlyKVCell.m */,
				7593D8EF1CD399DD00EFFA49 /* TBODeveloperOverlayKVDebuggerReadOnlyKVCell.xib */,
				7517A83F1CEF1F5F00700CBF /* TBODeveloperOverlayKVDebuggerDetailViewController.h */,
				7517A8401CEF1F5F00700CBF /* TBODeveloperOverlayKVDebuggerDetailViewController.m */,
				7517A8411CEF1F5F00700CBF /* TBODeveloperOverlayKVDebuggerDetailViewController.xib */,
				D943619F6C316203554F70E6 /* TBODeveloperOverlayNSUserDefaultsDatasource.m */,
				D9436A7221BE407F7D049092 /* TBODeveloperOverlayNSUserDefaultsDatasource.h */,
			);
			path = TBODeveloperOverlayKVDebugger;
			sourceTree = "<group>";
		};
/* End PBXGroup section */

/* Begin PBXNativeTarget section */
		75629A1D1CD351AB00E72F7B /* TBODeveloperOverlay */ = {
			isa = PBXNativeTarget;
			buildConfigurationList = 75629A4B1CD351AC00E72F7B /* Build configuration list for PBXNativeTarget "TBODeveloperOverlay" */;
			buildPhases = (
				F278B313BFDB6525245EB4F7 /* Check Pods Manifest.lock */,
				75629A1A1CD351AB00E72F7B /* Sources */,
				75629A1B1CD351AB00E72F7B /* Frameworks */,
				75629A1C1CD351AB00E72F7B /* Resources */,
				10C20EEC53E12FCFDE683C3E /* Embed Pods Frameworks */,
				7F8B7F60A6FA31233ADF2677 /* Copy Pods Resources */,
			);
			buildRules = (
			);
			dependencies = (
			);
			name = TBODeveloperOverlay;
			productName = TBODeveloperOverlay;
			productReference = 75629A1E1CD351AB00E72F7B /* TBODeveloperOverlay.app */;
			productType = "com.apple.product-type.application";
		};
		75629A361CD351AC00E72F7B /* TBODeveloperOverlayTests */ = {
			isa = PBXNativeTarget;
			buildConfigurationList = 75629A4E1CD351AC00E72F7B /* Build configuration list for PBXNativeTarget "TBODeveloperOverlayTests" */;
			buildPhases = (
				75629A331CD351AC00E72F7B /* Sources */,
				75629A341CD351AC00E72F7B /* Frameworks */,
				75629A351CD351AC00E72F7B /* Resources */,
			);
			buildRules = (
			);
			dependencies = (
				75629A391CD351AC00E72F7B /* PBXTargetDependency */,
			);
			name = TBODeveloperOverlayTests;
			productName = TBODeveloperOverlayTests;
			productReference = 75629A371CD351AC00E72F7B /* TBODeveloperOverlayTests.xctest */;
			productType = "com.apple.product-type.bundle.unit-test";
		};
		75629A411CD351AC00E72F7B /* TBODeveloperOverlayUITests */ = {
			isa = PBXNativeTarget;
			buildConfigurationList = 75629A511CD351AC00E72F7B /* Build configuration list for PBXNativeTarget "TBODeveloperOverlayUITests" */;
			buildPhases = (
				75629A3E1CD351AC00E72F7B /* Sources */,
				75629A3F1CD351AC00E72F7B /* Frameworks */,
				75629A401CD351AC00E72F7B /* Resources */,
			);
			buildRules = (
			);
			dependencies = (
				75629A441CD351AC00E72F7B /* PBXTargetDependency */,
			);
			name = TBODeveloperOverlayUITests;
			productName = TBODeveloperOverlayUITests;
			productReference = 75629A421CD351AC00E72F7B /* TBODeveloperOverlayUITests.xctest */;
			productType = "com.apple.product-type.bundle.ui-testing";
		};
/* End PBXNativeTarget section */

/* Begin PBXProject section */
		75629A161CD351AB00E72F7B /* Project object */ = {
			isa = PBXProject;
			attributes = {
				LastUpgradeCheck = 0730;
				ORGANIZATIONNAME = "TBO INTERACTIVE";
				TargetAttributes = {
					75629A1D1CD351AB00E72F7B = {
						CreatedOnToolsVersion = 7.3;
					};
					75629A361CD351AC00E72F7B = {
						CreatedOnToolsVersion = 7.3;
						TestTargetID = 75629A1D1CD351AB00E72F7B;
					};
					75629A411CD351AC00E72F7B = {
						CreatedOnToolsVersion = 7.3;
						TestTargetID = 75629A1D1CD351AB00E72F7B;
					};
				};
			};
			buildConfigurationList = 75629A191CD351AB00E72F7B /* Build configuration list for PBXProject "TBODeveloperOverlay" */;
			compatibilityVersion = "Xcode 3.2";
			developmentRegion = English;
			hasScannedForEncodings = 0;
			knownRegions = (
				en,
				Base,
			);
			mainGroup = 75629A151CD351AB00E72F7B;
			productRefGroup = 75629A1F1CD351AB00E72F7B /* Products */;
			projectDirPath = "";
			projectRoot = "";
			targets = (
				75629A1D1CD351AB00E72F7B /* TBODeveloperOverlay */,
				75629A361CD351AC00E72F7B /* TBODeveloperOverlayTests */,
				75629A411CD351AC00E72F7B /* TBODeveloperOverlayUITests */,
			);
		};
/* End PBXProject section */

/* Begin PBXResourcesBuildPhase section */
		75629A1C1CD351AB00E72F7B /* Resources */ = {
			isa = PBXResourcesBuildPhase;
			buildActionMask = 2147483647;
			files = (
				7517A8431CEF1F5F00700CBF /* TBODeveloperOverlayKVDebuggerDetailViewController.xib in Resources */,
				7593D8E41CD399D400EFFA49 /* Info.plist in Resources */,
				1F5D92301CE0942F0017508E /* TBODeveloperOverlayLogger.xib in Resources */,
				7593D8E31CD399D400EFFA49 /* Main.storyboard in Resources */,
				7593D8E11CD399D400EFFA49 /* Assets.xcassets in Resources */,
				7593D8F21CD399DD00EFFA49 /* TBODeveloperOverlayKVDebuggerReadOnlyKVCell.xib in Resources */,
				7593D8E21CD399D400EFFA49 /* LaunchScreen.storyboard in Resources */,
			);
			runOnlyForDeploymentPostprocessing = 0;
		};
		75629A351CD351AC00E72F7B /* Resources */ = {
			isa = PBXResourcesBuildPhase;
			buildActionMask = 2147483647;
			files = (
			);
			runOnlyForDeploymentPostprocessing = 0;
		};
		75629A401CD351AC00E72F7B /* Resources */ = {
			isa = PBXResourcesBuildPhase;
			buildActionMask = 2147483647;
			files = (
			);
			runOnlyForDeploymentPostprocessing = 0;
		};
/* End PBXResourcesBuildPhase section */

/* Begin PBXShellScriptBuildPhase section */
		10C20EEC53E12FCFDE683C3E /* Embed Pods Frameworks */ = {
			isa = PBXShellScriptBuildPhase;
			buildActionMask = 2147483647;
			files = (
			);
			inputPaths = (
			);
			name = "Embed Pods Frameworks";
			outputPaths = (
			);
			runOnlyForDeploymentPostprocessing = 0;
			shellPath = /bin/sh;
			shellScript = "\"${SRCROOT}/Pods/Target Support Files/Pods-TBODeveloperOverlay/Pods-TBODeveloperOverlay-frameworks.sh\"\n";
			showEnvVarsInLog = 0;
		};
		7F8B7F60A6FA31233ADF2677 /* Copy Pods Resources */ = {
			isa = PBXShellScriptBuildPhase;
			buildActionMask = 2147483647;
			files = (
			);
			inputPaths = (
			);
			name = "Copy Pods Resources";
			outputPaths = (
			);
			runOnlyForDeploymentPostprocessing = 0;
			shellPath = /bin/sh;
			shellScript = "\"${SRCROOT}/Pods/Target Support Files/Pods-TBODeveloperOverlay/Pods-TBODeveloperOverlay-resources.sh\"\n";
			showEnvVarsInLog = 0;
		};
		F278B313BFDB6525245EB4F7 /* Check Pods Manifest.lock */ = {
			isa = PBXShellScriptBuildPhase;
			buildActionMask = 2147483647;
			files = (
			);
			inputPaths = (
			);
			name = "Check Pods Manifest.lock";
			outputPaths = (
			);
			runOnlyForDeploymentPostprocessing = 0;
			shellPath = /bin/sh;
			shellScript = "diff \"${PODS_ROOT}/../Podfile.lock\" \"${PODS_ROOT}/Manifest.lock\" > /dev/null\nif [[ $? != 0 ]] ; then\n    cat << EOM\nerror: The sandbox is not in sync with the Podfile.lock. Run 'pod install' or update your CocoaPods installation.\nEOM\n    exit 1\nfi\n";
			showEnvVarsInLog = 0;
		};
/* End PBXShellScriptBuildPhase section */

/* Begin PBXSourcesBuildPhase section */
		75629A1A1CD351AB00E72F7B /* Sources */ = {
			isa = PBXSourcesBuildPhase;
			buildActionMask = 2147483647;
			files = (
				7593D8F01CD399DD00EFFA49 /* TBODeveloperOverlayKVDebugger.m in Sources */,
				7593D8E61CD399D400EFFA49 /* TBODebugDatasource.m in Sources */,
				1F5D922C1CE0915B0017508E /* TBODeveloperOverlayLogger.m in Sources */,
				7593D8E51CD399D400EFFA49 /* main.m in Sources */,
				7554B66B1CFC7B4500FD6CD3 /* TBODeveloperOverlayPluginListViewController.m in Sources */,
				1F5D92351CE096EA0017508E /* TBODeveloperOverlayFileInspectorViewController.m in Sources */,
				1F0E65CA1CEF8BBF007AF08F /* TBOModalNavigationController.m in Sources */,
				7593D8F11CD399DD00EFFA49 /* TBODeveloperOverlayKVDebuggerReadOnlyKVCell.m in Sources */,
				7593D8E71CD399D400EFFA49 /* ViewController.m in Sources */,
				7593D8E01CD399D400EFFA49 /* AppDelegate.m in Sources */,
				7517A8421CEF1F5F00700CBF /* TBODeveloperOverlayKVDebuggerDetailViewController.m in Sources */,
				D9436E507AD9ACA639A77CF8 /* TBODeveloperOverlayNSUserDefaultsDatasource.m in Sources */,
			);
			runOnlyForDeploymentPostprocessing = 0;
		};
		75629A331CD351AC00E72F7B /* Sources */ = {
			isa = PBXSourcesBuildPhase;
			buildActionMask = 2147483647;
			files = (
				75629A3C1CD351AC00E72F7B /* TBODeveloperOverlayTests.m in Sources */,
			);
			runOnlyForDeploymentPostprocessing = 0;
		};
		75629A3E1CD351AC00E72F7B /* Sources */ = {
			isa = PBXSourcesBuildPhase;
			buildActionMask = 2147483647;
			files = (
				75629A471CD351AC00E72F7B /* TBODeveloperOverlayUITests.m in Sources */,
			);
			runOnlyForDeploymentPostprocessing = 0;
		};
/* End PBXSourcesBuildPhase section */

/* Begin PBXTargetDependency section */
		75629A391CD351AC00E72F7B /* PBXTargetDependency */ = {
			isa = PBXTargetDependency;
			target = 75629A1D1CD351AB00E72F7B /* TBODeveloperOverlay */;
			targetProxy = 75629A381CD351AC00E72F7B /* PBXContainerItemProxy */;
		};
		75629A441CD351AC00E72F7B /* PBXTargetDependency */ = {
			isa = PBXTargetDependency;
			target = 75629A1D1CD351AB00E72F7B /* TBODeveloperOverlay */;
			targetProxy = 75629A431CD351AC00E72F7B /* PBXContainerItemProxy */;
		};
/* End PBXTargetDependency section */

/* Begin PBXVariantGroup section */
		7593D8D61CD399D400EFFA49 /* LaunchScreen.storyboard */ = {
			isa = PBXVariantGroup;
			children = (
				7593D8D71CD399D400EFFA49 /* Base */,
			);
			name = LaunchScreen.storyboard;
			sourceTree = "<group>";
		};
		7593D8D81CD399D400EFFA49 /* Main.storyboard */ = {
			isa = PBXVariantGroup;
			children = (
				7593D8D91CD399D400EFFA49 /* Base */,
			);
			name = Main.storyboard;
			sourceTree = "<group>";
		};
/* End PBXVariantGroup section */

/* Begin XCBuildConfiguration section */
		75629A491CD351AC00E72F7B /* Debug */ = {
			isa = XCBuildConfiguration;
			buildSettings = {
				ALWAYS_SEARCH_USER_PATHS = NO;
				CLANG_ANALYZER_NONNULL = YES;
				CLANG_CXX_LANGUAGE_STANDARD = "gnu++0x";
				CLANG_CXX_LIBRARY = "libc++";
				CLANG_ENABLE_MODULES = YES;
				CLANG_ENABLE_OBJC_ARC = YES;
				CLANG_WARN_BOOL_CONVERSION = YES;
				CLANG_WARN_CONSTANT_CONVERSION = YES;
				CLANG_WARN_DIRECT_OBJC_ISA_USAGE = YES_ERROR;
				CLANG_WARN_EMPTY_BODY = YES;
				CLANG_WARN_ENUM_CONVERSION = YES;
				CLANG_WARN_INT_CONVERSION = YES;
				CLANG_WARN_OBJC_ROOT_CLASS = YES_ERROR;
				CLANG_WARN_UNREACHABLE_CODE = YES;
				CLANG_WARN__DUPLICATE_METHOD_MATCH = YES;
				"CODE_SIGN_IDENTITY[sdk=iphoneos*]" = "iPhone Developer";
				COPY_PHASE_STRIP = NO;
				DEBUG_INFORMATION_FORMAT = dwarf;
				ENABLE_STRICT_OBJC_MSGSEND = YES;
				ENABLE_TESTABILITY = YES;
				GCC_C_LANGUAGE_STANDARD = gnu99;
				GCC_DYNAMIC_NO_PIC = NO;
				GCC_NO_COMMON_BLOCKS = YES;
				GCC_OPTIMIZATION_LEVEL = 0;
				GCC_PREPROCESSOR_DEFINITIONS = (
					"DEBUG=1",
					"$(inherited)",
				);
				GCC_WARN_64_TO_32_BIT_CONVERSION = YES;
				GCC_WARN_ABOUT_RETURN_TYPE = YES_ERROR;
				GCC_WARN_UNDECLARED_SELECTOR = YES;
				GCC_WARN_UNINITIALIZED_AUTOS = YES_AGGRESSIVE;
				GCC_WARN_UNUSED_FUNCTION = YES;
				GCC_WARN_UNUSED_VARIABLE = YES;
				IPHONEOS_DEPLOYMENT_TARGET = 8.0;
				MTL_ENABLE_DEBUG_INFO = YES;
				ONLY_ACTIVE_ARCH = YES;
				SDKROOT = iphoneos;
			};
			name = Debug;
		};
		75629A4A1CD351AC00E72F7B /* Release */ = {
			isa = XCBuildConfiguration;
			buildSettings = {
				ALWAYS_SEARCH_USER_PATHS = NO;
				CLANG_ANALYZER_NONNULL = YES;
				CLANG_CXX_LANGUAGE_STANDARD = "gnu++0x";
				CLANG_CXX_LIBRARY = "libc++";
				CLANG_ENABLE_MODULES = YES;
				CLANG_ENABLE_OBJC_ARC = YES;
				CLANG_WARN_BOOL_CONVERSION = YES;
				CLANG_WARN_CONSTANT_CONVERSION = YES;
				CLANG_WARN_DIRECT_OBJC_ISA_USAGE = YES_ERROR;
				CLANG_WARN_EMPTY_BODY = YES;
				CLANG_WARN_ENUM_CONVERSION = YES;
				CLANG_WARN_INT_CONVERSION = YES;
				CLANG_WARN_OBJC_ROOT_CLASS = YES_ERROR;
				CLANG_WARN_UNREACHABLE_CODE = YES;
				CLANG_WARN__DUPLICATE_METHOD_MATCH = YES;
				"CODE_SIGN_IDENTITY[sdk=iphoneos*]" = "iPhone Developer";
				COPY_PHASE_STRIP = NO;
				DEBUG_INFORMATION_FORMAT = "dwarf-with-dsym";
				ENABLE_NS_ASSERTIONS = NO;
				ENABLE_STRICT_OBJC_MSGSEND = YES;
				GCC_C_LANGUAGE_STANDARD = gnu99;
				GCC_NO_COMMON_BLOCKS = YES;
				GCC_WARN_64_TO_32_BIT_CONVERSION = YES;
				GCC_WARN_ABOUT_RETURN_TYPE = YES_ERROR;
				GCC_WARN_UNDECLARED_SELECTOR = YES;
				GCC_WARN_UNINITIALIZED_AUTOS = YES_AGGRESSIVE;
				GCC_WARN_UNUSED_FUNCTION = YES;
				GCC_WARN_UNUSED_VARIABLE = YES;
				IPHONEOS_DEPLOYMENT_TARGET = 8.0;
				MTL_ENABLE_DEBUG_INFO = NO;
				SDKROOT = iphoneos;
				VALIDATE_PRODUCT = YES;
			};
			name = Release;
		};
		75629A4C1CD351AC00E72F7B /* Debug */ = {
			isa = XCBuildConfiguration;
			baseConfigurationReference = 49339F4923F7F6BCE5A09135 /* Pods-TBODeveloperOverlay.debug.xcconfig */;
			buildSettings = {
				ASSETCATALOG_COMPILER_APPICON_NAME = AppIcon;
				INFOPLIST_FILE = "$(SRCROOT)/Example/Info.plist";
				IPHONEOS_DEPLOYMENT_TARGET = 8.0;
				LD_RUNPATH_SEARCH_PATHS = "$(inherited) @executable_path/Frameworks";
				PRODUCT_BUNDLE_IDENTIFIER = com.tbointeractive.TBODeveloperOverlay;
				PRODUCT_NAME = "$(TARGET_NAME)";
				TARGETED_DEVICE_FAMILY = "1,2";
			};
			name = Debug;
		};
		75629A4D1CD351AC00E72F7B /* Release */ = {
			isa = XCBuildConfiguration;
			baseConfigurationReference = 1B502B768D5284FDD769CD89 /* Pods-TBODeveloperOverlay.release.xcconfig */;
			buildSettings = {
				ASSETCATALOG_COMPILER_APPICON_NAME = AppIcon;
				INFOPLIST_FILE = "$(SRCROOT)/Example/Info.plist";
				IPHONEOS_DEPLOYMENT_TARGET = 8.0;
				LD_RUNPATH_SEARCH_PATHS = "$(inherited) @executable_path/Frameworks";
				PRODUCT_BUNDLE_IDENTIFIER = com.tbointeractive.TBODeveloperOverlay;
				PRODUCT_NAME = "$(TARGET_NAME)";
				TARGETED_DEVICE_FAMILY = "1,2";
			};
			name = Release;
		};
		75629A4F1CD351AC00E72F7B /* Debug */ = {
			isa = XCBuildConfiguration;
			buildSettings = {
				BUNDLE_LOADER = "$(TEST_HOST)";
				INFOPLIST_FILE = TBODeveloperOverlayTests/Info.plist;
				LD_RUNPATH_SEARCH_PATHS = "$(inherited) @executable_path/Frameworks @loader_path/Frameworks";
				PRODUCT_BUNDLE_IDENTIFIER = com.tbointeractive.TBODeveloperOverlayTests;
				PRODUCT_NAME = "$(TARGET_NAME)";
				TEST_HOST = "$(BUILT_PRODUCTS_DIR)/TBODeveloperOverlay.app/TBODeveloperOverlay";
			};
			name = Debug;
		};
		75629A501CD351AC00E72F7B /* Release */ = {
			isa = XCBuildConfiguration;
			buildSettings = {
				BUNDLE_LOADER = "$(TEST_HOST)";
				INFOPLIST_FILE = TBODeveloperOverlayTests/Info.plist;
				LD_RUNPATH_SEARCH_PATHS = "$(inherited) @executable_path/Frameworks @loader_path/Frameworks";
				PRODUCT_BUNDLE_IDENTIFIER = com.tbointeractive.TBODeveloperOverlayTests;
				PRODUCT_NAME = "$(TARGET_NAME)";
				TEST_HOST = "$(BUILT_PRODUCTS_DIR)/TBODeveloperOverlay.app/TBODeveloperOverlay";
			};
			name = Release;
		};
		75629A521CD351AC00E72F7B /* Debug */ = {
			isa = XCBuildConfiguration;
			buildSettings = {
				INFOPLIST_FILE = TBODeveloperOverlayUITests/Info.plist;
				LD_RUNPATH_SEARCH_PATHS = "$(inherited) @executable_path/Frameworks @loader_path/Frameworks";
				PRODUCT_BUNDLE_IDENTIFIER = com.tbointeractive.TBODeveloperOverlayUITests;
				PRODUCT_NAME = "$(TARGET_NAME)";
				TEST_TARGET_NAME = TBODeveloperOverlay;
			};
			name = Debug;
		};
		75629A531CD351AC00E72F7B /* Release */ = {
			isa = XCBuildConfiguration;
			buildSettings = {
				INFOPLIST_FILE = TBODeveloperOverlayUITests/Info.plist;
				LD_RUNPATH_SEARCH_PATHS = "$(inherited) @executable_path/Frameworks @loader_path/Frameworks";
				PRODUCT_BUNDLE_IDENTIFIER = com.tbointeractive.TBODeveloperOverlayUITests;
				PRODUCT_NAME = "$(TARGET_NAME)";
				TEST_TARGET_NAME = TBODeveloperOverlay;
			};
			name = Release;
		};
/* End XCBuildConfiguration section */

/* Begin XCConfigurationList section */
		75629A191CD351AB00E72F7B /* Build configuration list for PBXProject "TBODeveloperOverlay" */ = {
			isa = XCConfigurationList;
			buildConfigurations = (
				75629A491CD351AC00E72F7B /* Debug */,
				75629A4A1CD351AC00E72F7B /* Release */,
			);
			defaultConfigurationIsVisible = 0;
			defaultConfigurationName = Release;
		};
		75629A4B1CD351AC00E72F7B /* Build configuration list for PBXNativeTarget "TBODeveloperOverlay" */ = {
			isa = XCConfigurationList;
			buildConfigurations = (
				75629A4C1CD351AC00E72F7B /* Debug */,
				75629A4D1CD351AC00E72F7B /* Release */,
			);
			defaultConfigurationIsVisible = 0;
			defaultConfigurationName = Release;
		};
		75629A4E1CD351AC00E72F7B /* Build configuration list for PBXNativeTarget "TBODeveloperOverlayTests" */ = {
			isa = XCConfigurationList;
			buildConfigurations = (
				75629A4F1CD351AC00E72F7B /* Debug */,
				75629A501CD351AC00E72F7B /* Release */,
			);
			defaultConfigurationIsVisible = 0;
			defaultConfigurationName = Release;
		};
		75629A511CD351AC00E72F7B /* Build configuration list for PBXNativeTarget "TBODeveloperOverlayUITests" */ = {
			isa = XCConfigurationList;
			buildConfigurations = (
				75629A521CD351AC00E72F7B /* Debug */,
				75629A531CD351AC00E72F7B /* Release */,
			);
			defaultConfigurationIsVisible = 0;
			defaultConfigurationName = Release;
		};
/* End XCConfigurationList section */
	};
	rootObject = 75629A161CD351AB00E72F7B /* Project object */;
}
